
Microsoft Visual Studio Solution File, Format Version 12.00
# Visual Studio 15
VisualStudioVersion = 15.0.28307.779
MinimumVisualStudioVersion = 10.0.40219.1
Project("{FAE04EC0-301F-11D3-BF4B-00C04F79EFBC}") = "test", "test\test.csproj", "{99A90756-274C-4D3D-BDE9-E55099ACF639}"
EndProject
Global
	GlobalSection(SolutionConfigurationPlatforms) = preSolution
		Debug|Any CPU = Debug|Any CPU
		Release|Any CPU = Release|Any CPU
	EndGlobalSection
	GlobalSection(ProjectConfigurationPlatforms) = postSolution
		{99A90756-274C-4D3D-BDE9-E55099ACF639}.Debug|Any CPU.ActiveCfg = Debug|Any CPU
		{99A90756-274C-4D3D-BDE9-E55099ACF639}.Debug|Any CPU.Build.0 = Debug|Any CPU
		{99A90756-274C-4D3D-BDE9-E55099ACF639}.Release|Any CPU.ActiveCfg = Release|Any CPU
		{99A90756-274C-4D3D-BDE9-E55099ACF639}.Release|Any CPU.Build.0 = Release|Any CPU
	EndGlobalSection
	GlobalSection(SolutionProperties) = preSolution
		HideSolutionNode = FALSE
	EndGlobalSection
	GlobalSection(ExtensibilityGlobals) = postSolution
		SolutionGuid = {3095723A-DA0A-4F1A-8020-FA985FA6DC98}
	EndGlobalSection
EndGlobal
