
Microsoft Visual Studio Solution File, Format Version 12.00
# Visual Studio 15
VisualStudioVersion = 15.0.28307.779
MinimumVisualStudioVersion = 10.0.40219.1
Project("{FAE04EC0-301F-11D3-BF4B-00C04F79EFBC}") = "ThreadSync", "ThreadSync\ThreadSync.csproj", "{72F8F1E0-CFA5-4CF3-B137-368157B61300}"
EndProject
Global
	GlobalSection(SolutionConfigurationPlatforms) = preSolution
		Debug|Any CPU = Debug|Any CPU
		Release|Any CPU = Release|Any CPU
	EndGlobalSection
	GlobalSection(ProjectConfigurationPlatforms) = postSolution
		{72F8F1E0-CFA5-4CF3-B137-368157B61300}.Debug|Any CPU.ActiveCfg = Debug|Any CPU
		{72F8F1E0-CFA5-4CF3-B137-368157B61300}.Debug|Any CPU.Build.0 = Debug|Any CPU
		{72F8F1E0-CFA5-4CF3-B137-368157B61300}.Release|Any CPU.ActiveCfg = Release|Any CPU
		{72F8F1E0-CFA5-4CF3-B137-368157B61300}.Release|Any CPU.Build.0 = Release|Any CPU
	EndGlobalSection
	GlobalSection(SolutionProperties) = preSolution
		HideSolutionNode = FALSE
	EndGlobalSection
	GlobalSection(ExtensibilityGlobals) = postSolution
		SolutionGuid = {99D7CA2D-CC01-4F34-BE5F-1FB9081544F2}
	EndGlobalSection
EndGlobal
