
Microsoft Visual Studio Solution File, Format Version 12.00
# Visual Studio 15
VisualStudioVersion = 15.0.28307.779
MinimumVisualStudioVersion = 10.0.40219.1
Project("{FAE04EC0-301F-11D3-BF4B-00C04F79EFBC}") = "wait", "wait\wait.csproj", "{11CD7A5E-ACA2-4D28-B943-AF5AC4702BA6}"
EndProject
Global
	GlobalSection(SolutionConfigurationPlatforms) = preSolution
		Debug|Any CPU = Debug|Any CPU
		Release|Any CPU = Release|Any CPU
	EndGlobalSection
	GlobalSection(ProjectConfigurationPlatforms) = postSolution
		{11CD7A5E-ACA2-4D28-B943-AF5AC4702BA6}.Debug|Any CPU.ActiveCfg = Debug|Any CPU
		{11CD7A5E-ACA2-4D28-B943-AF5AC4702BA6}.Debug|Any CPU.Build.0 = Debug|Any CPU
		{11CD7A5E-ACA2-4D28-B943-AF5AC4702BA6}.Release|Any CPU.ActiveCfg = Release|Any CPU
		{11CD7A5E-ACA2-4D28-B943-AF5AC4702BA6}.Release|Any CPU.Build.0 = Release|Any CPU
	EndGlobalSection
	GlobalSection(SolutionProperties) = preSolution
		HideSolutionNode = FALSE
	EndGlobalSection
	GlobalSection(ExtensibilityGlobals) = postSolution
		SolutionGuid = {C3A21D58-F874-41CE-844A-9192B667BCEF}
	EndGlobalSection
EndGlobal
